
Microsoft Visual Studio Solution File, Format Version 12.00
# Visual Studio Version 16
VisualStudioVersion = 16.0.29709.97
MinimumVisualStudioVersion = 10.0.40219.1
Project("{FAE04EC0-301F-11D3-BF4B-00C04F79EFBC}") = "bpmmonitor", "bpmmonitor\bpmmonitor.csproj", "{66727009-71E1-4AD3-8871-281B83D7053F}"
EndProject
Global
	GlobalSection(SolutionConfigurationPlatforms) = preSolution
		Debug|Any CPU = Debug|Any CPU
		Release|Any CPU = Release|Any CPU
	EndGlobalSection
	GlobalSection(ProjectConfigurationPlatforms) = postSolution
		{66727009-71E1-4AD3-8871-281B83D7053F}.Debug|Any CPU.ActiveCfg = Debug|Any CPU
		{66727009-71E1-4AD3-8871-281B83D7053F}.Debug|Any CPU.Build.0 = Debug|Any CPU
		{66727009-71E1-4AD3-8871-281B83D7053F}.Release|Any CPU.ActiveCfg = Release|Any CPU
		{66727009-71E1-4AD3-8871-281B83D7053F}.Release|Any CPU.Build.0 = Release|Any CPU
	EndGlobalSection
	GlobalSection(SolutionProperties) = preSolution
		HideSolutionNode = FALSE
	EndGlobalSection
	GlobalSection(ExtensibilityGlobals) = postSolution
		SolutionGuid = {B257AE6D-3C53-4A30-9BE3-CFD9D0801DE6}
	EndGlobalSection
EndGlobal
